// !$*UTF8*$!
{
	archiveVersion = 1;
	classes = {
	};
	objectVersion = 46;
	objects = {

/* Begin PBXBuildFile section */
		024293F61D02DD890060AF6C /* AppDelegate.swift in Sources */ = {isa = PBXBuildFile; fileRef = 024293F51D02DD890060AF6C /* AppDelegate.swift */; };
		024293FB1D02DD890060AF6C /* Main.storyboard in Resources */ = {isa = PBXBuildFile; fileRef = 024293F91D02DD890060AF6C /* Main.storyboard */; };
		024293FD1D02DD890060AF6C /* Assets.xcassets in Resources */ = {isa = PBXBuildFile; fileRef = 024293FC1D02DD890060AF6C /* Assets.xcassets */; };
		024294001D02DD890060AF6C /* LaunchScreen.storyboard in Resources */ = {isa = PBXBuildFile; fileRef = 024293FE1D02DD890060AF6C /* LaunchScreen.storyboard */; };
		02668B951D02E02E00085959 /* MNWeatherViewController.swift in Sources */ = {isa = PBXBuildFile; fileRef = 02668B941D02E02E00085959 /* MNWeatherViewController.swift */; };
		02668B971D02E3DB00085959 /* MNWeatherPresenter.swift in Sources */ = {isa = PBXBuildFile; fileRef = 02668B961D02E3DB00085959 /* MNWeatherPresenter.swift */; };
		02668B9C1D02E79500085959 /* MNLocationManager.swift in Sources */ = {isa = PBXBuildFile; fileRef = 02668B9B1D02E79500085959 /* MNLocationManager.swift */; };
		02668B9E1D02F50300085959 /* MNNetworkHandler.swift in Sources */ = {isa = PBXBuildFile; fileRef = 02668B9D1D02F50300085959 /* MNNetworkHandler.swift */; };
		02668BA11D03681100085959 /* mockedResponse.json in Resources */ = {isa = PBXBuildFile; fileRef = 02668BA01D03681100085959 /* mockedResponse.json */; };
		02668BA31D036CD300085959 /* MNWeatherModel.swift in Sources */ = {isa = PBXBuildFile; fileRef = 02668BA21D036CD300085959 /* MNWeatherModel.swift */; };
		02668BA51D04377100085959 /* MNPersistanceManager.swift in Sources */ = {isa = PBXBuildFile; fileRef = 02668BA41D04377100085959 /* MNPersistanceManager.swift */; };
		02668BA91D0490FA00085959 /* MNNetworkHandlerTests.swift in Sources */ = {isa = PBXBuildFile; fileRef = 02668BA81D0490FA00085959 /* MNNetworkHandlerTests.swift */; };
		02668BAA1D04912B00085959 /* MNNetworkHandler.swift in Sources */ = {isa = PBXBuildFile; fileRef = 02668B9D1D02F50300085959 /* MNNetworkHandler.swift */; };
		02668BAB1D04917E00085959 /* MNWeatherPresenter.swift in Sources */ = {isa = PBXBuildFile; fileRef = 02668B961D02E3DB00085959 /* MNWeatherPresenter.swift */; };
		02668BAC1D0494C300085959 /* MNWeatherViewController.swift in Sources */ = {isa = PBXBuildFile; fileRef = 02668B941D02E02E00085959 /* MNWeatherViewController.swift */; };
		02668BAD1D0494CB00085959 /* MNWeatherModel.swift in Sources */ = {isa = PBXBuildFile; fileRef = 02668BA21D036CD300085959 /* MNWeatherModel.swift */; };
		02668BAE1D0494D200085959 /* MNPersistanceManager.swift in Sources */ = {isa = PBXBuildFile; fileRef = 02668BA41D04377100085959 /* MNPersistanceManager.swift */; };
		02668BAF1D0494D700085959 /* MNLocationManager.swift in Sources */ = {isa = PBXBuildFile; fileRef = 02668B9B1D02E79500085959 /* MNLocationManager.swift */; };
		02668BB11D049D5F00085959 /* MNWeatherModelTests.swift in Sources */ = {isa = PBXBuildFile; fileRef = 02668BB01D049D5F00085959 /* MNWeatherModelTests.swift */; };
		02668BB31D04A55E00085959 /* MNWeatherViewControllerTests.swift in Sources */ = {isa = PBXBuildFile; fileRef = 02668BB21D04A55E00085959 /* MNWeatherViewControllerTests.swift */; };
		02668BB61D04B2F600085959 /* Main.storyboard in Resources */ = {isa = PBXBuildFile; fileRef = 024293F91D02DD890060AF6C /* Main.storyboard */; };
		02668BC31D04CE9C00085959 /* 2.jpg in Resources */ = {isa = PBXBuildFile; fileRef = 02668BB91D04CE9C00085959 /* 2.jpg */; };
		02668BC41D04CE9C00085959 /* 3.jpg in Resources */ = {isa = PBXBuildFile; fileRef = 02668BBA1D04CE9C00085959 /* 3.jpg */; };
		02668BC51D04CE9C00085959 /* 5.jpg in Resources */ = {isa = PBXBuildFile; fileRef = 02668BBB1D04CE9C00085959 /* 5.jpg */; };
		02668BC61D04CE9C00085959 /* 6.jpg in Resources */ = {isa = PBXBuildFile; fileRef = 02668BBC1D04CE9C00085959 /* 6.jpg */; };
		02668BC71D04CE9C00085959 /* 7.jpg in Resources */ = {isa = PBXBuildFile; fileRef = 02668BBD1D04CE9C00085959 /* 7.jpg */; };
		02668BC81D04CE9C00085959 /* 8.jpg in Resources */ = {isa = PBXBuildFile; fileRef = 02668BBE1D04CE9C00085959 /* 8.jpg */; };
		02668BC91D04CE9C00085959 /* 800.jpg in Resources */ = {isa = PBXBuildFile; fileRef = 02668BBF1D04CE9C00085959 /* 800.jpg */; };
		02668BCA1D04CE9C00085959 /* 9.jpg in Resources */ = {isa = PBXBuildFile; fileRef = 02668BC01D04CE9C00085959 /* 9.jpg */; };
		02668BCB1D04CE9C00085959 /* 950.jpg in Resources */ = {isa = PBXBuildFile; fileRef = 02668BC11D04CE9C00085959 /* 950.jpg */; };
		02668BCD1D04D3D100085959 /* 1.jpg in Resources */ = {isa = PBXBuildFile; fileRef = 02668BCC1D04D3D100085959 /* 1.jpg */; };
		02668BCF1D04DE6700085959 /* Drop.png in Resources */ = {isa = PBXBuildFile; fileRef = 02668BCE1D04DE6700085959 /* Drop.png */; };
/* End PBXBuildFile section */

/* Begin PBXContainerItemProxy section */
		024294071D02DD890060AF6C /* PBXContainerItemProxy */ = {
			isa = PBXContainerItemProxy;
			containerPortal = 024293EA1D02DD890060AF6C /* Project object */;
			proxyType = 1;
			remoteGlobalIDString = 024293F11D02DD890060AF6C;
			remoteInfo = MNWeather;
		};
/* End PBXContainerItemProxy section */

/* Begin PBXFileReference section */
		024293F21D02DD890060AF6C /* MNWeather.app */ = {isa = PBXFileReference; explicitFileType = wrapper.application; includeInIndex = 0; path = MNWeather.app; sourceTree = BUILT_PRODUCTS_DIR; };
		024293F51D02DD890060AF6C /* AppDelegate.swift */ = {isa = PBXFileReference; lastKnownFileType = sourcecode.swift; path = AppDelegate.swift; sourceTree = "<group>"; };
		024293FA1D02DD890060AF6C /* Base */ = {isa = PBXFileReference; lastKnownFileType = file.storyboard; name = Base; path = Base.lproj/Main.storyboard; sourceTree = "<group>"; };
		024293FC1D02DD890060AF6C /* Assets.xcassets */ = {isa = PBXFileReference; lastKnownFileType = folder.assetcatalog; path = Assets.xcassets; sourceTree = "<group>"; };
		024293FF1D02DD890060AF6C /* Base */ = {isa = PBXFileReference; lastKnownFileType = file.storyboard; name = Base; path = Base.lproj/LaunchScreen.storyboard; sourceTree = "<group>"; };
		024294011D02DD890060AF6C /* Info.plist */ = {isa = PBXFileReference; lastKnownFileType = text.plist.xml; path = Info.plist; sourceTree = "<group>"; };
		024294061D02DD890060AF6C /* MNWeatherTests.xctest */ = {isa = PBXFileReference; explicitFileType = wrapper.cfbundle; includeInIndex = 0; path = MNWeatherTests.xctest; sourceTree = BUILT_PRODUCTS_DIR; };
		0242940C1D02DD890060AF6C /* Info.plist */ = {isa = PBXFileReference; lastKnownFileType = text.plist.xml; path = Info.plist; sourceTree = "<group>"; };
		02668B941D02E02E00085959 /* MNWeatherViewController.swift */ = {isa = PBXFileReference; fileEncoding = 4; lastKnownFileType = sourcecode.swift; path = MNWeatherViewController.swift; sourceTree = "<group>"; };
		02668B961D02E3DB00085959 /* MNWeatherPresenter.swift */ = {isa = PBXFileReference; fileEncoding = 4; lastKnownFileType = sourcecode.swift; path = MNWeatherPresenter.swift; sourceTree = "<group>"; };
		02668B9B1D02E79500085959 /* MNLocationManager.swift */ = {isa = PBXFileReference; fileEncoding = 4; lastKnownFileType = sourcecode.swift; path = MNLocationManager.swift; sourceTree = "<group>"; };
		02668B9D1D02F50300085959 /* MNNetworkHandler.swift */ = {isa = PBXFileReference; fileEncoding = 4; lastKnownFileType = sourcecode.swift; path = MNNetworkHandler.swift; sourceTree = "<group>"; };
		02668BA01D03681100085959 /* mockedResponse.json */ = {isa = PBXFileReference; fileEncoding = 4; lastKnownFileType = text.json; path = mockedResponse.json; sourceTree = "<group>"; };
		02668BA21D036CD300085959 /* MNWeatherModel.swift */ = {isa = PBXFileReference; fileEncoding = 4; lastKnownFileType = sourcecode.swift; path = MNWeatherModel.swift; sourceTree = "<group>"; };
		02668BA41D04377100085959 /* MNPersistanceManager.swift */ = {isa = PBXFileReference; fileEncoding = 4; lastKnownFileType = sourcecode.swift; path = MNPersistanceManager.swift; sourceTree = "<group>"; };
		02668BA81D0490FA00085959 /* MNNetworkHandlerTests.swift */ = {isa = PBXFileReference; fileEncoding = 4; lastKnownFileType = sourcecode.swift; path = MNNetworkHandlerTests.swift; sourceTree = "<group>"; };
		02668BB01D049D5F00085959 /* MNWeatherModelTests.swift */ = {isa = PBXFileReference; fileEncoding = 4; lastKnownFileType = sourcecode.swift; path = MNWeatherModelTests.swift; sourceTree = "<group>"; };
		02668BB21D04A55E00085959 /* MNWeatherViewControllerTests.swift */ = {isa = PBXFileReference; fileEncoding = 4; lastKnownFileType = sourcecode.swift; path = MNWeatherViewControllerTests.swift; sourceTree = "<group>"; };
		02668BB91D04CE9C00085959 /* 2.jpg */ = {isa = PBXFileReference; lastKnownFileType = image.jpeg; path = 2.jpg; sourceTree = "<group>"; };
		02668BBA1D04CE9C00085959 /* 3.jpg */ = {isa = PBXFileReference; lastKnownFileType = image.jpeg; path = 3.jpg; sourceTree = "<group>"; };
		02668BBB1D04CE9C00085959 /* 5.jpg */ = {isa = PBXFileReference; lastKnownFileType = image.jpeg; path = 5.jpg; sourceTree = "<group>"; };
		02668BBC1D04CE9C00085959 /* 6.jpg */ = {isa = PBXFileReference; lastKnownFileType = image.jpeg; path = 6.jpg; sourceTree = "<group>"; };
		02668BBD1D04CE9C00085959 /* 7.jpg */ = {isa = PBXFileReference; lastKnownFileType = image.jpeg; path = 7.jpg; sourceTree = "<group>"; };
		02668BBE1D04CE9C00085959 /* 8.jpg */ = {isa = PBXFileReference; lastKnownFileType = image.jpeg; path = 8.jpg; sourceTree = "<group>"; };
		02668BBF1D04CE9C00085959 /* 800.jpg */ = {isa = PBXFileReference; lastKnownFileType = image.jpeg; path = 800.jpg; sourceTree = "<group>"; };
		02668BC01D04CE9C00085959 /* 9.jpg */ = {isa = PBXFileReference; lastKnownFileType = image.jpeg; path = 9.jpg; sourceTree = "<group>"; };
		02668BC11D04CE9C00085959 /* 950.jpg */ = {isa = PBXFileReference; lastKnownFileType = image.jpeg; path = 950.jpg; sourceTree = "<group>"; };
		02668BCC1D04D3D100085959 /* 1.jpg */ = {isa = PBXFileReference; lastKnownFileType = image.jpeg; path = 1.jpg; sourceTree = "<group>"; };
		02668BCE1D04DE6700085959 /* Drop.png */ = {isa = PBXFileReference; lastKnownFileType = image.png; path = Drop.png; sourceTree = "<group>"; };
/* End PBXFileReference section */

/* Begin PBXFrameworksBuildPhase section */
		024293EF1D02DD890060AF6C /* Frameworks */ = {
			isa = PBXFrameworksBuildPhase;
			buildActionMask = 2147483647;
			files = (
			);
			runOnlyForDeploymentPostprocessing = 0;
		};
		024294031D02DD890060AF6C /* Frameworks */ = {
			isa = PBXFrameworksBuildPhase;
			buildActionMask = 2147483647;
			files = (
			);
			runOnlyForDeploymentPostprocessing = 0;
		};
/* End PBXFrameworksBuildPhase section */

/* Begin PBXGroup section */
		024293E91D02DD890060AF6C = {
			isa = PBXGroup;
			children = (
				024293F41D02DD890060AF6C /* MNWeather */,
				024294091D02DD890060AF6C /* MNWeatherTests */,
				024293F31D02DD890060AF6C /* Products */,
			);
			sourceTree = "<group>";
		};
		024293F31D02DD890060AF6C /* Products */ = {
			isa = PBXGroup;
			children = (
				024293F21D02DD890060AF6C /* MNWeather.app */,
				024294061D02DD890060AF6C /* MNWeatherTests.xctest */,
			);
			name = Products;
			sourceTree = "<group>";
		};
		024293F41D02DD890060AF6C /* MNWeather */ = {
			isa = PBXGroup;
			children = (
				02668B9F1D0367E300085959 /* Resources */,
				02668B981D02E77900085959 /* Classes */,
				02668B931D02E02E00085959 /* WeatherScreen */,
				024293F51D02DD890060AF6C /* AppDelegate.swift */,
				024293F91D02DD890060AF6C /* Main.storyboard */,
				024293FC1D02DD890060AF6C /* Assets.xcassets */,
				024293FE1D02DD890060AF6C /* LaunchScreen.storyboard */,
				024294011D02DD890060AF6C /* Info.plist */,
			);
			path = MNWeather;
			sourceTree = "<group>";
		};
		024294091D02DD890060AF6C /* MNWeatherTests */ = {
			isa = PBXGroup;
			children = (
				0242940C1D02DD890060AF6C /* Info.plist */,
				02668BB01D049D5F00085959 /* MNWeatherModelTests.swift */,
				02668BB21D04A55E00085959 /* MNWeatherViewControllerTests.swift */,
				02668BA81D0490FA00085959 /* MNNetworkHandlerTests.swift */,
			);
			path = MNWeatherTests;
			sourceTree = "<group>";
		};
		02668B931D02E02E00085959 /* WeatherScreen */ = {
			isa = PBXGroup;
			children = (
				02668B941D02E02E00085959 /* MNWeatherViewController.swift */,
				02668B961D02E3DB00085959 /* MNWeatherPresenter.swift */,
				02668BA21D036CD300085959 /* MNWeatherModel.swift */,
			);
			path = WeatherScreen;
			sourceTree = "<group>";
		};
		02668B981D02E77900085959 /* Classes */ = {
			isa = PBXGroup;
			children = (
				02668B9B1D02E79500085959 /* MNLocationManager.swift */,
				02668B9D1D02F50300085959 /* MNNetworkHandler.swift */,
				02668BA41D04377100085959 /* MNPersistanceManager.swift */,
			);
			path = Classes;
			sourceTree = "<group>";
		};
		02668B9F1D0367E300085959 /* Resources */ = {
			isa = PBXGroup;
			children = (
				02668BB71D04CE9C00085959 /* Images */,
				02668BA01D03681100085959 /* mockedResponse.json */,
			);
			path = Resources;
			sourceTree = "<group>";
		};
		02668BB71D04CE9C00085959 /* Images */ = {
			isa = PBXGroup;
			children = (
				02668BCE1D04DE6700085959 /* Drop.png */,
				02668BCC1D04D3D100085959 /* 1.jpg */,
				02668BB91D04CE9C00085959 /* 2.jpg */,
				02668BBA1D04CE9C00085959 /* 3.jpg */,
				02668BBB1D04CE9C00085959 /* 5.jpg */,
				02668BBC1D04CE9C00085959 /* 6.jpg */,
				02668BBD1D04CE9C00085959 /* 7.jpg */,
				02668BBE1D04CE9C00085959 /* 8.jpg */,
				02668BBF1D04CE9C00085959 /* 800.jpg */,
				02668BC01D04CE9C00085959 /* 9.jpg */,
				02668BC11D04CE9C00085959 /* 950.jpg */,
			);
			name = Images;
			path = MNWeather/Images;
			sourceTree = SOURCE_ROOT;
		};
/* End PBXGroup section */

/* Begin PBXNativeTarget section */
		024293F11D02DD890060AF6C /* MNWeather */ = {
			isa = PBXNativeTarget;
			buildConfigurationList = 0242940F1D02DD890060AF6C /* Build configuration list for PBXNativeTarget "MNWeather" */;
			buildPhases = (
				024293EE1D02DD890060AF6C /* Sources */,
				024293EF1D02DD890060AF6C /* Frameworks */,
				024293F01D02DD890060AF6C /* Resources */,
			);
			buildRules = (
			);
			dependencies = (
			);
			name = MNWeather;
			productName = MNWeather;
			productReference = 024293F21D02DD890060AF6C /* MNWeather.app */;
			productType = "com.apple.product-type.application";
		};
		024294051D02DD890060AF6C /* MNWeatherTests */ = {
			isa = PBXNativeTarget;
			buildConfigurationList = 024294121D02DD890060AF6C /* Build configuration list for PBXNativeTarget "MNWeatherTests" */;
			buildPhases = (
				024294021D02DD890060AF6C /* Sources */,
				024294031D02DD890060AF6C /* Frameworks */,
				024294041D02DD890060AF6C /* Resources */,
			);
			buildRules = (
			);
			dependencies = (
				024294081D02DD890060AF6C /* PBXTargetDependency */,
			);
			name = MNWeatherTests;
			productName = MNWeatherTests;
			productReference = 024294061D02DD890060AF6C /* MNWeatherTests.xctest */;
			productType = "com.apple.product-type.bundle.unit-test";
		};
/* End PBXNativeTarget section */

/* Begin PBXProject section */
		024293EA1D02DD890060AF6C /* Project object */ = {
			isa = PBXProject;
			attributes = {
				LastSwiftUpdateCheck = 0730;
				LastUpgradeCheck = 0730;
				ORGANIZATIONNAME = "Muhammad Nasir";
				TargetAttributes = {
					024293F11D02DD890060AF6C = {
						CreatedOnToolsVersion = 7.3;
					};
					024294051D02DD890060AF6C = {
						CreatedOnToolsVersion = 7.3;
						TestTargetID = 024293F11D02DD890060AF6C;
					};
				};
			};
			buildConfigurationList = 024293ED1D02DD890060AF6C /* Build configuration list for PBXProject "MNWeather" */;
			compatibilityVersion = "Xcode 3.2";
			developmentRegion = English;
			hasScannedForEncodings = 0;
			knownRegions = (
				en,
				Base,
			);
			mainGroup = 024293E91D02DD890060AF6C;
			productRefGroup = 024293F31D02DD890060AF6C /* Products */;
			projectDirPath = "";
			projectRoot = "";
			targets = (
				024293F11D02DD890060AF6C /* MNWeather */,
				024294051D02DD890060AF6C /* MNWeatherTests */,
			);
		};
/* End PBXProject section */

/* Begin PBXResourcesBuildPhase section */
		024293F01D02DD890060AF6C /* Resources */ = {
			isa = PBXResourcesBuildPhase;
			buildActionMask = 2147483647;
			files = (
				02668BCA1D04CE9C00085959 /* 9.jpg in Resources */,
				02668BC81D04CE9C00085959 /* 8.jpg in Resources */,
				02668BC61D04CE9C00085959 /* 6.jpg in Resources */,
				02668BC31D04CE9C00085959 /* 2.jpg in Resources */,
				02668BC51D04CE9C00085959 /* 5.jpg in Resources */,
				024294001D02DD890060AF6C /* LaunchScreen.storyboard in Resources */,
				02668BCB1D04CE9C00085959 /* 950.jpg in Resources */,
				02668BC91D04CE9C00085959 /* 800.jpg in Resources */,
				02668BCD1D04D3D100085959 /* 1.jpg in Resources */,
				024293FD1D02DD890060AF6C /* Assets.xcassets in Resources */,
				024293FB1D02DD890060AF6C /* Main.storyboard in Resources */,
				02668BC71D04CE9C00085959 /* 7.jpg in Resources */,
				02668BCF1D04DE6700085959 /* Drop.png in Resources */,
				02668BC41D04CE9C00085959 /* 3.jpg in Resources */,
				02668BA11D03681100085959 /* mockedResponse.json in Resources */,
			);
			runOnlyForDeploymentPostprocessing = 0;
		};
		024294041D02DD890060AF6C /* Resources */ = {
			isa = PBXResourcesBuildPhase;
			buildActionMask = 2147483647;
			files = (
				02668BB61D04B2F600085959 /* Main.storyboard in Resources */,
			);
			runOnlyForDeploymentPostprocessing = 0;
		};
/* End PBXResourcesBuildPhase section */

/* Begin PBXSourcesBuildPhase section */
		024293EE1D02DD890060AF6C /* Sources */ = {
			isa = PBXSourcesBuildPhase;
			buildActionMask = 2147483647;
			files = (
				02668B951D02E02E00085959 /* MNWeatherViewController.swift in Sources */,
				02668BA51D04377100085959 /* MNPersistanceManager.swift in Sources */,
				02668BA31D036CD300085959 /* MNWeatherModel.swift in Sources */,
				02668B9C1D02E79500085959 /* MNLocationManager.swift in Sources */,
				02668B971D02E3DB00085959 /* MNWeatherPresenter.swift in Sources */,
				024293F61D02DD890060AF6C /* AppDelegate.swift in Sources */,
				02668B9E1D02F50300085959 /* MNNetworkHandler.swift in Sources */,
			);
			runOnlyForDeploymentPostprocessing = 0;
		};
		024294021D02DD890060AF6C /* Sources */ = {
			isa = PBXSourcesBuildPhase;
			buildActionMask = 2147483647;
			files = (
				02668BA91D0490FA00085959 /* MNNetworkHandlerTests.swift in Sources */,
				02668BAF1D0494D700085959 /* MNLocationManager.swift in Sources */,
				02668BAE1D0494D200085959 /* MNPersistanceManager.swift in Sources */,
				02668BB11D049D5F00085959 /* MNWeatherModelTests.swift in Sources */,
				02668BAD1D0494CB00085959 /* MNWeatherModel.swift in Sources */,
				02668BAC1D0494C300085959 /* MNWeatherViewController.swift in Sources */,
				02668BAB1D04917E00085959 /* MNWeatherPresenter.swift in Sources */,
				02668BB31D04A55E00085959 /* MNWeatherViewControllerTests.swift in Sources */,
				02668BAA1D04912B00085959 /* MNNetworkHandler.swift in Sources */,
			);
			runOnlyForDeploymentPostprocessing = 0;
		};
/* End PBXSourcesBuildPhase section */

/* Begin PBXTargetDependency section */
		024294081D02DD890060AF6C /* PBXTargetDependency */ = {
			isa = PBXTargetDependency;
			target = 024293F11D02DD890060AF6C /* MNWeather */;
			targetProxy = 024294071D02DD890060AF6C /* PBXContainerItemProxy */;
		};
/* End PBXTargetDependency section */

/* Begin PBXVariantGroup section */
		024293F91D02DD890060AF6C /* Main.storyboard */ = {
			isa = PBXVariantGroup;
			children = (
				024293FA1D02DD890060AF6C /* Base */,
			);
			name = Main.storyboard;
			sourceTree = "<group>";
		};
		024293FE1D02DD890060AF6C /* LaunchScreen.storyboard */ = {
			isa = PBXVariantGroup;
			children = (
				024293FF1D02DD890060AF6C /* Base */,
			);
			name = LaunchScreen.storyboard;
			sourceTree = "<group>";
		};
/* End PBXVariantGroup section */

/* Begin XCBuildConfiguration section */
		0242940D1D02DD890060AF6C /* Debug */ = {
			isa = XCBuildConfiguration;
			buildSettings = {
				ALWAYS_SEARCH_USER_PATHS = NO;
				CLANG_ANALYZER_NONNULL = YES;
				CLANG_CXX_LANGUAGE_STANDARD = "gnu++0x";
				CLANG_CXX_LIBRARY = "libc++";
				CLANG_ENABLE_MODULES = YES;
				CLANG_ENABLE_OBJC_ARC = YES;
				CLANG_WARN_BOOL_CONVERSION = YES;
				CLANG_WARN_CONSTANT_CONVERSION = YES;
				CLANG_WARN_DIRECT_OBJC_ISA_USAGE = YES_ERROR;
				CLANG_WARN_EMPTY_BODY = YES;
				CLANG_WARN_ENUM_CONVERSION = YES;
				CLANG_WARN_INT_CONVERSION = YES;
				CLANG_WARN_OBJC_ROOT_CLASS = YES_ERROR;
				CLANG_WARN_UNREACHABLE_CODE = YES;
				CLANG_WARN__DUPLICATE_METHOD_MATCH = YES;
				"CODE_SIGN_IDENTITY[sdk=iphoneos*]" = "iPhone Developer";
				COPY_PHASE_STRIP = NO;
				DEBUG_INFORMATION_FORMAT = dwarf;
				ENABLE_STRICT_OBJC_MSGSEND = YES;
				ENABLE_TESTABILITY = YES;
				GCC_C_LANGUAGE_STANDARD = gnu99;
				GCC_DYNAMIC_NO_PIC = NO;
				GCC_NO_COMMON_BLOCKS = YES;
				GCC_OPTIMIZATION_LEVEL = 0;
				GCC_PREPROCESSOR_DEFINITIONS = (
					"DEBUG=1",
					"$(inherited)",
				);
				GCC_WARN_64_TO_32_BIT_CONVERSION = YES;
				GCC_WARN_ABOUT_RETURN_TYPE = YES_ERROR;
				GCC_WARN_UNDECLARED_SELECTOR = YES;
				GCC_WARN_UNINITIALIZED_AUTOS = YES_AGGRESSIVE;
				GCC_WARN_UNUSED_FUNCTION = YES;
				GCC_WARN_UNUSED_VARIABLE = YES;
				IPHONEOS_DEPLOYMENT_TARGET = 9.3;
				MTL_ENABLE_DEBUG_INFO = YES;
				ONLY_ACTIVE_ARCH = YES;
				SDKROOT = iphoneos;
				SWIFT_OPTIMIZATION_LEVEL = "-Onone";
			};
			name = Debug;
		};
		0242940E1D02DD890060AF6C /* Release */ = {
			isa = XCBuildConfiguration;
			buildSettings = {
				ALWAYS_SEARCH_USER_PATHS = NO;
				CLANG_ANALYZER_NONNULL = YES;
				CLANG_CXX_LANGUAGE_STANDARD = "gnu++0x";
				CLANG_CXX_LIBRARY = "libc++";
				CLANG_ENABLE_MODULES = YES;
				CLANG_ENABLE_OBJC_ARC = YES;
				CLANG_WARN_BOOL_CONVERSION = YES;
				CLANG_WARN_CONSTANT_CONVERSION = YES;
				CLANG_WARN_DIRECT_OBJC_ISA_USAGE = YES_ERROR;
				CLANG_WARN_EMPTY_BODY = YES;
				CLANG_WARN_ENUM_CONVERSION = YES;
				CLANG_WARN_INT_CONVERSION = YES;
				CLANG_WARN_OBJC_ROOT_CLASS = YES_ERROR;
				CLANG_WARN_UNREACHABLE_CODE = YES;
				CLANG_WARN__DUPLICATE_METHOD_MATCH = YES;
				"CODE_SIGN_IDENTITY[sdk=iphoneos*]" = "iPhone Developer";
				COPY_PHASE_STRIP = NO;
				DEBUG_INFORMATION_FORMAT = "dwarf-with-dsym";
				ENABLE_NS_ASSERTIONS = NO;
				ENABLE_STRICT_OBJC_MSGSEND = YES;
				GCC_C_LANGUAGE_STANDARD = gnu99;
				GCC_NO_COMMON_BLOCKS = YES;
				GCC_WARN_64_TO_32_BIT_CONVERSION = YES;
				GCC_WARN_ABOUT_RETURN_TYPE = YES_ERROR;
				GCC_WARN_UNDECLARED_SELECTOR = YES;
				GCC_WARN_UNINITIALIZED_AUTOS = YES_AGGRESSIVE;
				GCC_WARN_UNUSED_FUNCTION = YES;
				GCC_WARN_UNUSED_VARIABLE = YES;
				IPHONEOS_DEPLOYMENT_TARGET = 9.3;
				MTL_ENABLE_DEBUG_INFO = NO;
				SDKROOT = iphoneos;
				VALIDATE_PRODUCT = YES;
			};
			name = Release;
		};
		024294101D02DD890060AF6C /* Debug */ = {
			isa = XCBuildConfiguration;
			buildSettings = {
				ASSETCATALOG_COMPILER_APPICON_NAME = AppIcon;
				INFOPLIST_FILE = MNWeather/Info.plist;
				IPHONEOS_DEPLOYMENT_TARGET = 9.0;
				LD_RUNPATH_SEARCH_PATHS = "$(inherited) @executable_path/Frameworks";
				PRODUCT_BUNDLE_IDENTIFIER = com.muhammadnasir.MNWeather;
				PRODUCT_NAME = "$(TARGET_NAME)";
			};
			name = Debug;
		};
		024294111D02DD890060AF6C /* Release */ = {
			isa = XCBuildConfiguration;
			buildSettings = {
				ASSETCATALOG_COMPILER_APPICON_NAME = AppIcon;
				INFOPLIST_FILE = MNWeather/Info.plist;
				IPHONEOS_DEPLOYMENT_TARGET = 9.0;
				LD_RUNPATH_SEARCH_PATHS = "$(inherited) @executable_path/Frameworks";
				PRODUCT_BUNDLE_IDENTIFIER = com.muhammadnasir.MNWeather;
				PRODUCT_NAME = "$(TARGET_NAME)";
			};
			name = Release;
		};
		024294131D02DD890060AF6C /* Debug */ = {
			isa = XCBuildConfiguration;
			buildSettings = {
				BUNDLE_LOADER = "$(TEST_HOST)";
				INFOPLIST_FILE = MNWeatherTests/Info.plist;
				LD_RUNPATH_SEARCH_PATHS = "$(inherited) @executable_path/Frameworks @loader_path/Frameworks";
				PRODUCT_BUNDLE_IDENTIFIER = com.muhammadnasir.MNWeatherTests;
				PRODUCT_NAME = "$(TARGET_NAME)";
				TEST_HOST = "$(BUILT_PRODUCTS_DIR)/MNWeather.app/MNWeather";
			};
			name = Debug;
		};
		024294141D02DD890060AF6C /* Release */ = {
			isa = XCBuildConfiguration;
			buildSettings = {
				BUNDLE_LOADER = "$(TEST_HOST)";
				INFOPLIST_FILE = MNWeatherTests/Info.plist;
				LD_RUNPATH_SEARCH_PATHS = "$(inherited) @executable_path/Frameworks @loader_path/Frameworks";
				PRODUCT_BUNDLE_IDENTIFIER = com.muhammadnasir.MNWeatherTests;
				PRODUCT_NAME = "$(TARGET_NAME)";
				TEST_HOST = "$(BUILT_PRODUCTS_DIR)/MNWeather.app/MNWeather";
			};
			name = Release;
		};
/* End XCBuildConfiguration section */

/* Begin XCConfigurationList section */
		024293ED1D02DD890060AF6C /* Build configuration list for PBXProject "MNWeather" */ = {
			isa = XCConfigurationList;
			buildConfigurations = (
				0242940D1D02DD890060AF6C /* Debug */,
				0242940E1D02DD890060AF6C /* Release */,
			);
			defaultConfigurationIsVisible = 0;
			defaultConfigurationName = Release;
		};
		0242940F1D02DD890060AF6C /* Build configuration list for PBXNativeTarget "MNWeather" */ = {
			isa = XCConfigurationList;
			buildConfigurations = (
				024294101D02DD890060AF6C /* Debug */,
				024294111D02DD890060AF6C /* Release */,
			);
			defaultConfigurationIsVisible = 0;
			defaultConfigurationName = Release;
		};
		024294121D02DD890060AF6C /* Build configuration list for PBXNativeTarget "MNWeatherTests" */ = {
			isa = XCConfigurationList;
			buildConfigurations = (
				024294131D02DD890060AF6C /* Debug */,
				024294141D02DD890060AF6C /* Release */,
			);
			defaultConfigurationIsVisible = 0;
			defaultConfigurationName = Release;
		};
/* End XCConfigurationList section */
	};
	rootObject = 024293EA1D02DD890060AF6C /* Project object */;
}
